// !$*UTF8*$!
{
	archiveVersion = 1;
	classes = {
	};
	objectVersion = 46;
	objects = {

/* Begin PBXBuildFile section */
		473F7FE51E2EE3AC002CA115 /* AppDelegate.swift in Sources */ = {isa = PBXBuildFile; fileRef = 473F7FE41E2EE3AC002CA115 /* AppDelegate.swift */; };
		473F7FE71E2EE3AC002CA115 /* ViewController.swift in Sources */ = {isa = PBXBuildFile; fileRef = 473F7FE61E2EE3AC002CA115 /* ViewController.swift */; };
		473F7FEA1E2EE3AC002CA115 /* Main.storyboard in Resources */ = {isa = PBXBuildFile; fileRef = 473F7FE81E2EE3AC002CA115 /* Main.storyboard */; };
		473F7FEC1E2EE3AC002CA115 /* Assets.xcassets in Resources */ = {isa = PBXBuildFile; fileRef = 473F7FEB1E2EE3AC002CA115 /* Assets.xcassets */; };
		473F7FEF1E2EE3AC002CA115 /* LaunchScreen.storyboard in Resources */ = {isa = PBXBuildFile; fileRef = 473F7FED1E2EE3AC002CA115 /* LaunchScreen.storyboard */; };
		473F7FFA1E2EE3AC002CA115 /* QuizTests.swift in Sources */ = {isa = PBXBuildFile; fileRef = 473F7FF91E2EE3AC002CA115 /* QuizTests.swift */; };
		473F80051E2EE3AC002CA115 /* QuizUITests.swift in Sources */ = {isa = PBXBuildFile; fileRef = 473F80041E2EE3AC002CA115 /* QuizUITests.swift */; };
/* End PBXBuildFile section */

/* Begin PBXContainerItemProxy section */
		473F7FF61E2EE3AC002CA115 /* PBXContainerItemProxy */ = {
			isa = PBXContainerItemProxy;
			containerPortal = 473F7FD91E2EE3AC002CA115 /* Project object */;
			proxyType = 1;
			remoteGlobalIDString = 473F7FE01E2EE3AC002CA115;
			remoteInfo = Quiz;
		};
		473F80011E2EE3AC002CA115 /* PBXContainerItemProxy */ = {
			isa = PBXContainerItemProxy;
			containerPortal = 473F7FD91E2EE3AC002CA115 /* Project object */;
			proxyType = 1;
			remoteGlobalIDString = 473F7FE01E2EE3AC002CA115;
			remoteInfo = Quiz;
		};
/* End PBXContainerItemProxy section */

/* Begin PBXFileReference section */
		473F7FE11E2EE3AC002CA115 /* Quiz.app */ = {isa = PBXFileReference; explicitFileType = wrapper.application; includeInIndex = 0; path = Quiz.app; sourceTree = BUILT_PRODUCTS_DIR; };
		473F7FE41E2EE3AC002CA115 /* AppDelegate.swift */ = {isa = PBXFileReference; lastKnownFileType = sourcecode.swift; path = AppDelegate.swift; sourceTree = "<group>"; };
		473F7FE61E2EE3AC002CA115 /* ViewController.swift */ = {isa = PBXFileReference; lastKnownFileType = sourcecode.swift; path = ViewController.swift; sourceTree = "<group>"; };
		473F7FE91E2EE3AC002CA115 /* Base */ = {isa = PBXFileReference; lastKnownFileType = file.storyboard; name = Base; path = Base.lproj/Main.storyboard; sourceTree = "<group>"; };
		473F7FEB1E2EE3AC002CA115 /* Assets.xcassets */ = {isa = PBXFileReference; lastKnownFileType = folder.assetcatalog; path = Assets.xcassets; sourceTree = "<group>"; };
		473F7FEE1E2EE3AC002CA115 /* Base */ = {isa = PBXFileReference; lastKnownFileType = file.storyboard; name = Base; path = Base.lproj/LaunchScreen.storyboard; sourceTree = "<group>"; };
		473F7FF01E2EE3AC002CA115 /* Info.plist */ = {isa = PBXFileReference; lastKnownFileType = text.plist.xml; path = Info.plist; sourceTree = "<group>"; };
		473F7FF51E2EE3AC002CA115 /* QuizTests.xctest */ = {isa = PBXFileReference; explicitFileType = wrapper.cfbundle; includeInIndex = 0; path = QuizTests.xctest; sourceTree = BUILT_PRODUCTS_DIR; };
		473F7FF91E2EE3AC002CA115 /* QuizTests.swift */ = {isa = PBXFileReference; lastKnownFileType = sourcecode.swift; path = QuizTests.swift; sourceTree = "<group>"; };
		473F7FFB1E2EE3AC002CA115 /* Info.plist */ = {isa = PBXFileReference; lastKnownFileType = text.plist.xml; path = Info.plist; sourceTree = "<group>"; };
		473F80001E2EE3AC002CA115 /* QuizUITests.xctest */ = {isa = PBXFileReference; explicitFileType = wrapper.cfbundle; includeInIndex = 0; path = QuizUITests.xctest; sourceTree = BUILT_PRODUCTS_DIR; };
		473F80041E2EE3AC002CA115 /* QuizUITests.swift */ = {isa = PBXFileReference; lastKnownFileType = sourcecode.swift; path = QuizUITests.swift; sourceTree = "<group>"; };
		473F80061E2EE3AC002CA115 /* Info.plist */ = {isa = PBXFileReference; lastKnownFileType = text.plist.xml; path = Info.plist; sourceTree = "<group>"; };
/* End PBXFileReference section */

/* Begin PBXFrameworksBuildPhase section */
		473F7FDE1E2EE3AC002CA115 /* Frameworks */ = {
			isa = PBXFrameworksBuildPhase;
			buildActionMask = 2147483647;
			files = (
			);
			runOnlyForDeploymentPostprocessing = 0;
		};
		473F7FF21E2EE3AC002CA115 /* Frameworks */ = {
			isa = PBXFrameworksBuildPhase;
			buildActionMask = 2147483647;
			files = (
			);
			runOnlyForDeploymentPostprocessing = 0;
		};
		473F7FFD1E2EE3AC002CA115 /* Frameworks */ = {
			isa = PBXFrameworksBuildPhase;
			buildActionMask = 2147483647;
			files = (
			);
			runOnlyForDeploymentPostprocessing = 0;
		};
/* End PBXFrameworksBuildPhase section */

/* Begin PBXGroup section */
		473F7FD81E2EE3AC002CA115 = {
			isa = PBXGroup;
			children = (
				473F7FE31E2EE3AC002CA115 /* Quiz */,
				473F7FF81E2EE3AC002CA115 /* QuizTests */,
				473F80031E2EE3AC002CA115 /* QuizUITests */,
				473F7FE21E2EE3AC002CA115 /* Products */,
			);
			sourceTree = "<group>";
		};
		473F7FE21E2EE3AC002CA115 /* Products */ = {
			isa = PBXGroup;
			children = (
				473F7FE11E2EE3AC002CA115 /* Quiz.app */,
				473F7FF51E2EE3AC002CA115 /* QuizTests.xctest */,
				473F80001E2EE3AC002CA115 /* QuizUITests.xctest */,
			);
			name = Products;
			sourceTree = "<group>";
		};
		473F7FE31E2EE3AC002CA115 /* Quiz */ = {
			isa = PBXGroup;
			children = (
				473F7FE41E2EE3AC002CA115 /* AppDelegate.swift */,
				473F7FE61E2EE3AC002CA115 /* ViewController.swift */,
				473F7FE81E2EE3AC002CA115 /* Main.storyboard */,
				473F7FEB1E2EE3AC002CA115 /* Assets.xcassets */,
				473F7FED1E2EE3AC002CA115 /* LaunchScreen.storyboard */,
				473F7FF01E2EE3AC002CA115 /* Info.plist */,
			);
			path = Quiz;
			sourceTree = "<group>";
		};
		473F7FF81E2EE3AC002CA115 /* QuizTests */ = {
			isa = PBXGroup;
			children = (
				473F7FF91E2EE3AC002CA115 /* QuizTests.swift */,
				473F7FFB1E2EE3AC002CA115 /* Info.plist */,
			);
			path = QuizTests;
			sourceTree = "<group>";
		};
		473F80031E2EE3AC002CA115 /* QuizUITests */ = {
			isa = PBXGroup;
			children = (
				473F80041E2EE3AC002CA115 /* QuizUITests.swift */,
				473F80061E2EE3AC002CA115 /* Info.plist */,
			);
			path = QuizUITests;
			sourceTree = "<group>";
		};
/* End PBXGroup section */

/* Begin PBXNativeTarget section */
		473F7FE01E2EE3AC002CA115 /* Quiz */ = {
			isa = PBXNativeTarget;
			buildConfigurationList = 473F80091E2EE3AC002CA115 /* Build configuration list for PBXNativeTarget "Quiz" */;
			buildPhases = (
				473F7FDD1E2EE3AC002CA115 /* Sources */,
				473F7FDE1E2EE3AC002CA115 /* Frameworks */,
				473F7FDF1E2EE3AC002CA115 /* Resources */,
			);
			buildRules = (
			);
			dependencies = (
			);
			name = Quiz;
			productName = Quiz;
			productReference = 473F7FE11E2EE3AC002CA115 /* Quiz.app */;
			productType = "com.apple.product-type.application";
		};
		473F7FF41E2EE3AC002CA115 /* QuizTests */ = {
			isa = PBXNativeTarget;
			buildConfigurationList = 473F800C1E2EE3AC002CA115 /* Build configuration list for PBXNativeTarget "QuizTests" */;
			buildPhases = (
				473F7FF11E2EE3AC002CA115 /* Sources */,
				473F7FF21E2EE3AC002CA115 /* Frameworks */,
				473F7FF31E2EE3AC002CA115 /* Resources */,
			);
			buildRules = (
			);
			dependencies = (
				473F7FF71E2EE3AC002CA115 /* PBXTargetDependency */,
			);
			name = QuizTests;
			productName = QuizTests;
			productReference = 473F7FF51E2EE3AC002CA115 /* QuizTests.xctest */;
			productType = "com.apple.product-type.bundle.unit-test";
		};
		473F7FFF1E2EE3AC002CA115 /* QuizUITests */ = {
			isa = PBXNativeTarget;
			buildConfigurationList = 473F800F1E2EE3AC002CA115 /* Build configuration list for PBXNativeTarget "QuizUITests" */;
			buildPhases = (
				473F7FFC1E2EE3AC002CA115 /* Sources */,
				473F7FFD1E2EE3AC002CA115 /* Frameworks */,
				473F7FFE1E2EE3AC002CA115 /* Resources */,
			);
			buildRules = (
			);
			dependencies = (
				473F80021E2EE3AC002CA115 /* PBXTargetDependency */,
			);
			name = QuizUITests;
			productName = QuizUITests;
			productReference = 473F80001E2EE3AC002CA115 /* QuizUITests.xctest */;
			productType = "com.apple.product-type.bundle.ui-testing";
		};
/* End PBXNativeTarget section */

/* Begin PBXProject section */
		473F7FD91E2EE3AC002CA115 /* Project object */ = {
			isa = PBXProject;
			attributes = {
				LastSwiftUpdateCheck = 0820;
				LastUpgradeCheck = 0820;
				ORGANIZATIONNAME = "Sean Melnick Kelly";
				TargetAttributes = {
					473F7FE01E2EE3AC002CA115 = {
						CreatedOnToolsVersion = 8.2;
						ProvisioningStyle = Automatic;
					};
					473F7FF41E2EE3AC002CA115 = {
						CreatedOnToolsVersion = 8.2;
						ProvisioningStyle = Automatic;
						TestTargetID = 473F7FE01E2EE3AC002CA115;
					};
					473F7FFF1E2EE3AC002CA115 = {
						CreatedOnToolsVersion = 8.2;
						ProvisioningStyle = Automatic;
						TestTargetID = 473F7FE01E2EE3AC002CA115;
					};
				};
			};
			buildConfigurationList = 473F7FDC1E2EE3AC002CA115 /* Build configuration list for PBXProject "Quiz" */;
			compatibilityVersion = "Xcode 3.2";
			developmentRegion = English;
			hasScannedForEncodings = 0;
			knownRegions = (
				en,
				Base,
			);
			mainGroup = 473F7FD81E2EE3AC002CA115;
			productRefGroup = 473F7FE21E2EE3AC002CA115 /* Products */;
			projectDirPath = "";
			projectRoot = "";
			targets = (
				473F7FE01E2EE3AC002CA115 /* Quiz */,
				473F7FF41E2EE3AC002CA115 /* QuizTests */,
				473F7FFF1E2EE3AC002CA115 /* QuizUITests */,
			);
		};
/* End PBXProject section */

/* Begin PBXResourcesBuildPhase section */
		473F7FDF1E2EE3AC002CA115 /* Resources */ = {
			isa = PBXResourcesBuildPhase;
			buildActionMask = 2147483647;
			files = (
				473F7FEF1E2EE3AC002CA115 /* LaunchScreen.storyboard in Resources */,
				473F7FEC1E2EE3AC002CA115 /* Assets.xcassets in Resources */,
				473F7FEA1E2EE3AC002CA115 /* Main.storyboard in Resources */,
			);
			runOnlyForDeploymentPostprocessing = 0;
		};
		473F7FF31E2EE3AC002CA115 /* Resources */ = {
			isa = PBXResourcesBuildPhase;
			buildActionMask = 2147483647;
			files = (
			);
			runOnlyForDeploymentPostprocessing = 0;
		};
		473F7FFE1E2EE3AC002CA115 /* Resources */ = {
			isa = PBXResourcesBuildPhase;
			buildActionMask = 2147483647;
			files = (
			);
			runOnlyForDeploymentPostprocessing = 0;
		};
/* End PBXResourcesBuildPhase section */

/* Begin PBXSourcesBuildPhase section */
		473F7FDD1E2EE3AC002CA115 /* Sources */ = {
			isa = PBXSourcesBuildPhase;
			buildActionMask = 2147483647;
			files = (
				473F7FE71E2EE3AC002CA115 /* ViewController.swift in Sources */,
				473F7FE51E2EE3AC002CA115 /* AppDelegate.swift in Sources */,
			);
			runOnlyForDeploymentPostprocessing = 0;
		};
		473F7FF11E2EE3AC002CA115 /* Sources */ = {
			isa = PBXSourcesBuildPhase;
			buildActionMask = 2147483647;
			files = (
				473F7FFA1E2EE3AC002CA115 /* QuizTests.swift in Sources */,
			);
			runOnlyForDeploymentPostprocessing = 0;
		};
		473F7FFC1E2EE3AC002CA115 /* Sources */ = {
			isa = PBXSourcesBuildPhase;
			buildActionMask = 2147483647;
			files = (
				473F80051E2EE3AC002CA115 /* QuizUITests.swift in Sources */,
			);
			runOnlyForDeploymentPostprocessing = 0;
		};
/* End PBXSourcesBuildPhase section */

/* Begin PBXTargetDependency section */
		473F7FF71E2EE3AC002CA115 /* PBXTargetDependency */ = {
			isa = PBXTargetDependency;
			target = 473F7FE01E2EE3AC002CA115 /* Quiz */;
			targetProxy = 473F7FF61E2EE3AC002CA115 /* PBXContainerItemProxy */;
		};
		473F80021E2EE3AC002CA115 /* PBXTargetDependency */ = {
			isa = PBXTargetDependency;
			target = 473F7FE01E2EE3AC002CA115 /* Quiz */;
			targetProxy = 473F80011E2EE3AC002CA115 /* PBXContainerItemProxy */;
		};
/* End PBXTargetDependency section */

/* Begin PBXVariantGroup section */
		473F7FE81E2EE3AC002CA115 /* Main.storyboard */ = {
			isa = PBXVariantGroup;
			children = (
				473F7FE91E2EE3AC002CA115 /* Base */,
			);
			name = Main.storyboard;
			sourceTree = "<group>";
		};
		473F7FED1E2EE3AC002CA115 /* LaunchScreen.storyboard */ = {
			isa = PBXVariantGroup;
			children = (
				473F7FEE1E2EE3AC002CA115 /* Base */,
			);
			name = LaunchScreen.storyboard;
			sourceTree = "<group>";
		};
/* End PBXVariantGroup section */

/* Begin XCBuildConfiguration section */
		473F80071E2EE3AC002CA115 /* Debug */ = {
			isa = XCBuildConfiguration;
			buildSettings = {
				ALWAYS_SEARCH_USER_PATHS = NO;
				CLANG_ANALYZER_NONNULL = YES;
				CLANG_CXX_LANGUAGE_STANDARD = "gnu++0x";
				CLANG_CXX_LIBRARY = "libc++";
				CLANG_ENABLE_MODULES = YES;
				CLANG_ENABLE_OBJC_ARC = YES;
				CLANG_WARN_BOOL_CONVERSION = YES;
				CLANG_WARN_CONSTANT_CONVERSION = YES;
				CLANG_WARN_DIRECT_OBJC_ISA_USAGE = YES_ERROR;
				CLANG_WARN_DOCUMENTATION_COMMENTS = YES;
				CLANG_WARN_EMPTY_BODY = YES;
				CLANG_WARN_ENUM_CONVERSION = YES;
				CLANG_WARN_INFINITE_RECURSION = YES;
				CLANG_WARN_INT_CONVERSION = YES;
				CLANG_WARN_OBJC_ROOT_CLASS = YES_ERROR;
				CLANG_WARN_SUSPICIOUS_MOVE = YES;
				CLANG_WARN_UNREACHABLE_CODE = YES;
				CLANG_WARN__DUPLICATE_METHOD_MATCH = YES;
				"CODE_SIGN_IDENTITY[sdk=iphoneos*]" = "iPhone Developer";
				COPY_PHASE_STRIP = NO;
				DEBUG_INFORMATION_FORMAT = dwarf;
				ENABLE_STRICT_OBJC_MSGSEND = YES;
				ENABLE_TESTABILITY = YES;
				GCC_C_LANGUAGE_STANDARD = gnu99;
				GCC_DYNAMIC_NO_PIC = NO;
				GCC_NO_COMMON_BLOCKS = YES;
				GCC_OPTIMIZATION_LEVEL = 0;
				GCC_PREPROCESSOR_DEFINITIONS = (
					"DEBUG=1",
					"$(inherited)",
				);
				GCC_WARN_64_TO_32_BIT_CONVERSION = YES;
				GCC_WARN_ABOUT_RETURN_TYPE = YES_ERROR;
				GCC_WARN_UNDECLARED_SELECTOR = YES;
				GCC_WARN_UNINITIALIZED_AUTOS = YES_AGGRESSIVE;
				GCC_WARN_UNUSED_FUNCTION = YES;
				GCC_WARN_UNUSED_VARIABLE = YES;
				IPHONEOS_DEPLOYMENT_TARGET = 10.2;
				MTL_ENABLE_DEBUG_INFO = YES;
				ONLY_ACTIVE_ARCH = YES;
				SDKROOT = iphoneos;
				SWIFT_ACTIVE_COMPILATION_CONDITIONS = DEBUG;
				SWIFT_OPTIMIZATION_LEVEL = "-Onone";
				TARGETED_DEVICE_FAMILY = "1,2";
			};
			name = Debug;
		};
		473F80081E2EE3AC002CA115 /* Release */ = {
			isa = XCBuildConfiguration;
			buildSettings = {
				ALWAYS_SEARCH_USER_PATHS = NO;
				CLANG_ANALYZER_NONNULL = YES;
				CLANG_CXX_LANGUAGE_STANDARD = "gnu++0x";
				CLANG_CXX_LIBRARY = "libc++";
				CLANG_ENABLE_MODULES = YES;
				CLANG_ENABLE_OBJC_ARC = YES;
				CLANG_WARN_BOOL_CONVERSION = YES;
				CLANG_WARN_CONSTANT_CONVERSION = YES;
				CLANG_WARN_DIRECT_OBJC_ISA_USAGE = YES_ERROR;
				CLANG_WARN_DOCUMENTATION_COMMENTS = YES;
				CLANG_WARN_EMPTY_BODY = YES;
				CLANG_WARN_ENUM_CONVERSION = YES;
				CLANG_WARN_INFINITE_RECURSION = YES;
				CLANG_WARN_INT_CONVERSION = YES;
				CLANG_WARN_OBJC_ROOT_CLASS = YES_ERROR;
				CLANG_WARN_SUSPICIOUS_MOVE = YES;
				CLANG_WARN_UNREACHABLE_CODE = YES;
				CLANG_WARN__DUPLICATE_METHOD_MATCH = YES;
				"CODE_SIGN_IDENTITY[sdk=iphoneos*]" = "iPhone Developer";
				COPY_PHASE_STRIP = NO;
				DEBUG_INFORMATION_FORMAT = "dwarf-with-dsym";
				ENABLE_NS_ASSERTIONS = NO;
				ENABLE_STRICT_OBJC_MSGSEND = YES;
				GCC_C_LANGUAGE_STANDARD = gnu99;
				GCC_NO_COMMON_BLOCKS = YES;
				GCC_WARN_64_TO_32_BIT_CONVERSION = YES;
				GCC_WARN_ABOUT_RETURN_TYPE = YES_ERROR;
				GCC_WARN_UNDECLARED_SELECTOR = YES;
				GCC_WARN_UNINITIALIZED_AUTOS = YES_AGGRESSIVE;
				GCC_WARN_UNUSED_FUNCTION = YES;
				GCC_WARN_UNUSED_VARIABLE = YES;
				IPHONEOS_DEPLOYMENT_TARGET = 10.2;
				MTL_ENABLE_DEBUG_INFO = NO;
				SDKROOT = iphoneos;
				SWIFT_OPTIMIZATION_LEVEL = "-Owholemodule";
				TARGETED_DEVICE_FAMILY = "1,2";
				VALIDATE_PRODUCT = YES;
			};
			name = Release;
		};
		473F800A1E2EE3AC002CA115 /* Debug */ = {
			isa = XCBuildConfiguration;
			buildSettings = {
				ASSETCATALOG_COMPILER_APPICON_NAME = AppIcon;
				INFOPLIST_FILE = Quiz/Info.plist;
				LD_RUNPATH_SEARCH_PATHS = "$(inherited) @executable_path/Frameworks";
				PRODUCT_BUNDLE_IDENTIFIER = com.seanmelnickkelly.Quiz;
				PRODUCT_NAME = "$(TARGET_NAME)";
				SWIFT_VERSION = 3.0;
			};
			name = Debug;
		};
		473F800B1E2EE3AC002CA115 /* Release */ = {
			isa = XCBuildConfiguration;
			buildSettings = {
				ASSETCATALOG_COMPILER_APPICON_NAME = AppIcon;
				INFOPLIST_FILE = Quiz/Info.plist;
				LD_RUNPATH_SEARCH_PATHS = "$(inherited) @executable_path/Frameworks";
				PRODUCT_BUNDLE_IDENTIFIER = com.seanmelnickkelly.Quiz;
				PRODUCT_NAME = "$(TARGET_NAME)";
				SWIFT_VERSION = 3.0;
			};
			name = Release;
		};
		473F800D1E2EE3AC002CA115 /* Debug */ = {
			isa = XCBuildConfiguration;
			buildSettings = {
				ALWAYS_EMBED_SWIFT_STANDARD_LIBRARIES = YES;
				BUNDLE_LOADER = "$(TEST_HOST)";
				INFOPLIST_FILE = QuizTests/Info.plist;
				LD_RUNPATH_SEARCH_PATHS = "$(inherited) @executable_path/Frameworks @loader_path/Frameworks";
				PRODUCT_BUNDLE_IDENTIFIER = com.seanmelnickkelly.QuizTests;
				PRODUCT_NAME = "$(TARGET_NAME)";
				SWIFT_VERSION = 3.0;
				TEST_HOST = "$(BUILT_PRODUCTS_DIR)/Quiz.app/Quiz";
			};
			name = Debug;
		};
		473F800E1E2EE3AC002CA115 /* Release */ = {
			isa = XCBuildConfiguration;
			buildSettings = {
				ALWAYS_EMBED_SWIFT_STANDARD_LIBRARIES = YES;
				BUNDLE_LOADER = "$(TEST_HOST)";
				INFOPLIST_FILE = QuizTests/Info.plist;
				LD_RUNPATH_SEARCH_PATHS = "$(inherited) @executable_path/Frameworks @loader_path/Frameworks";
				PRODUCT_BUNDLE_IDENTIFIER = com.seanmelnickkelly.QuizTests;
				PRODUCT_NAME = "$(TARGET_NAME)";
				SWIFT_VERSION = 3.0;
				TEST_HOST = "$(BUILT_PRODUCTS_DIR)/Quiz.app/Quiz";
			};
			name = Release;
		};
		473F80101E2EE3AC002CA115 /* Debug */ = {
			isa = XCBuildConfiguration;
			buildSettings = {
				ALWAYS_EMBED_SWIFT_STANDARD_LIBRARIES = YES;
				INFOPLIST_FILE = QuizUITests/Info.plist;
				LD_RUNPATH_SEARCH_PATHS = "$(inherited) @executable_path/Frameworks @loader_path/Frameworks";
				PRODUCT_BUNDLE_IDENTIFIER = com.seanmelnickkelly.QuizUITests;
				PRODUCT_NAME = "$(TARGET_NAME)";
				SWIFT_VERSION = 3.0;
				TEST_TARGET_NAME = Quiz;
			};
			name = Debug;
		};
		473F80111E2EE3AC002CA115 /* Release */ = {
			isa = XCBuildConfiguration;
			buildSettings = {
				ALWAYS_EMBED_SWIFT_STANDARD_LIBRARIES = YES;
				INFOPLIST_FILE = QuizUITests/Info.plist;
				LD_RUNPATH_SEARCH_PATHS = "$(inherited) @executable_path/Frameworks @loader_path/Frameworks";
				PRODUCT_BUNDLE_IDENTIFIER = com.seanmelnickkelly.QuizUITests;
				PRODUCT_NAME = "$(TARGET_NAME)";
				SWIFT_VERSION = 3.0;
				TEST_TARGET_NAME = Quiz;
			};
			name = Release;
		};
/* End XCBuildConfiguration section */

/* Begin XCConfigurationList section */
		473F7FDC1E2EE3AC002CA115 /* Build configuration list for PBXProject "Quiz" */ = {
			isa = XCConfigurationList;
			buildConfigurations = (
				473F80071E2EE3AC002CA115 /* Debug */,
				473F80081E2EE3AC002CA115 /* Release */,
			);
			defaultConfigurationIsVisible = 0;
			defaultConfigurationName = Release;
		};
		473F80091E2EE3AC002CA115 /* Build configuration list for PBXNativeTarget "Quiz" */ = {
			isa = XCConfigurationList;
			buildConfigurations = (
				473F800A1E2EE3AC002CA115 /* Debug */,
				473F800B1E2EE3AC002CA115 /* Release */,
			);
			defaultConfigurationIsVisible = 0;
			defaultConfigurationName = Release;
		};
		473F800C1E2EE3AC002CA115 /* Build configuration list for PBXNativeTarget "QuizTests" */ = {
			isa = XCConfigurationList;
			buildConfigurations = (
				473F800D1E2EE3AC002CA115 /* Debug */,
				473F800E1E2EE3AC002CA115 /* Release */,
			);
			defaultConfigurationIsVisible = 0;
			defaultConfigurationName = Release;
		};
		473F800F1E2EE3AC002CA115 /* Build configuration list for PBXNativeTarget "QuizUITests" */ = {
			isa = XCConfigurationList;
			buildConfigurations = (
				473F80101E2EE3AC002CA115 /* Debug */,
				473F80111E2EE3AC002CA115 /* Release */,
			);
			defaultConfigurationIsVisible = 0;
			defaultConfigurationName = Release;
		};
/* End XCConfigurationList section */
	};
	rootObject = 473F7FD91E2EE3AC002CA115 /* Project object */;
}
